// !$*UTF8*$!
{
	archiveVersion = 1;
	classes = {
	};
	objectVersion = 56;
	objects = {

/* Begin PBXBuildFile section */
		660BD64129B3A10D008DB526 /* SearchViewModelTests.swift in Sources */ = {isa = PBXBuildFile; fileRef = 660BD64029B3A10D008DB526 /* SearchViewModelTests.swift */; };
		660BD64629B451E2008DB526 /* DetailView.swift in Sources */ = {isa = PBXBuildFile; fileRef = 660BD64529B451E2008DB526 /* DetailView.swift */; };
		660BD64829B451F2008DB526 /* DetailViewModel.swift in Sources */ = {isa = PBXBuildFile; fileRef = 660BD64729B451F2008DB526 /* DetailViewModel.swift */; };
		660BD64A29B456C0008DB526 /* EmptyView.swift in Sources */ = {isa = PBXBuildFile; fileRef = 660BD64929B456C0008DB526 /* EmptyView.swift */; };
		6615F9F029B2688D00ED07D3 /* RepositorySearchApp.swift in Sources */ = {isa = PBXBuildFile; fileRef = 6615F9EF29B2688D00ED07D3 /* RepositorySearchApp.swift */; };
		6615F9F429B2688E00ED07D3 /* Assets.xcassets in Resources */ = {isa = PBXBuildFile; fileRef = 6615F9F329B2688E00ED07D3 /* Assets.xcassets */; };
		6615F9F829B2688E00ED07D3 /* Preview Assets.xcassets in Resources */ = {isa = PBXBuildFile; fileRef = 6615F9F729B2688E00ED07D3 /* Preview Assets.xcassets */; };
		6615FA0229B2688E00ED07D3 /* RepositorySearchTests.swift in Sources */ = {isa = PBXBuildFile; fileRef = 6615FA0129B2688E00ED07D3 /* RepositorySearchTests.swift */; };
		6615FA0C29B2688E00ED07D3 /* RepositorySearchUITests.swift in Sources */ = {isa = PBXBuildFile; fileRef = 6615FA0B29B2688E00ED07D3 /* RepositorySearchUITests.swift */; };
		6615FA0E29B2688E00ED07D3 /* RepositorySearchUITestsLaunchTests.swift in Sources */ = {isa = PBXBuildFile; fileRef = 6615FA0D29B2688E00ED07D3 /* RepositorySearchUITestsLaunchTests.swift */; };
		6615FA1E29B2690200ED07D3 /* README.md in Resources */ = {isa = PBXBuildFile; fileRef = 6615FA1B29B2690200ED07D3 /* README.md */; };
		6615FA1F29B2690200ED07D3 /* .gitignore in Resources */ = {isa = PBXBuildFile; fileRef = 6615FA1C29B2690200ED07D3 /* .gitignore */; };
		6615FA2029B2690200ED07D3 /* LICENSE in Resources */ = {isa = PBXBuildFile; fileRef = 6615FA1D29B2690200ED07D3 /* LICENSE */; };
		6615FA2829B26AC400ED07D3 /* SearchView.swift in Sources */ = {isa = PBXBuildFile; fileRef = 6615FA2729B26AC400ED07D3 /* SearchView.swift */; };
		6615FA2A29B26AD600ED07D3 /* SearchViewModel.swift in Sources */ = {isa = PBXBuildFile; fileRef = 6615FA2929B26AD600ED07D3 /* SearchViewModel.swift */; };
		6615FA2D29B2EBDB00ED07D3 /* APIEndpoints.swift in Sources */ = {isa = PBXBuildFile; fileRef = 6615FA2C29B2EBDB00ED07D3 /* APIEndpoints.swift */; };
		6615FA2F29B2EC2400ED07D3 /* APIServcie.swift in Sources */ = {isa = PBXBuildFile; fileRef = 6615FA2E29B2EC2400ED07D3 /* APIServcie.swift */; };
		6615FA3329B3053D00ED07D3 /* SearchApiCallTests.swift in Sources */ = {isa = PBXBuildFile; fileRef = 6615FA3229B3053D00ED07D3 /* SearchApiCallTests.swift */; };
		6615FA3529B3058000ED07D3 /* SearchAPICall.swift in Sources */ = {isa = PBXBuildFile; fileRef = 6615FA3429B3058000ED07D3 /* SearchAPICall.swift */; };
		6615FA3729B30FFE00ED07D3 /* SearchApiServiceTests.swift in Sources */ = {isa = PBXBuildFile; fileRef = 6615FA3629B30FFD00ED07D3 /* SearchApiServiceTests.swift */; };
		6615FA3929B3104400ED07D3 /* SearchAPIService.swift in Sources */ = {isa = PBXBuildFile; fileRef = 6615FA3829B3104400ED07D3 /* SearchAPIService.swift */; };
		6615FA3B29B311FC00ED07D3 /* RepositoryModelTests.swift in Sources */ = {isa = PBXBuildFile; fileRef = 6615FA3A29B311FC00ED07D3 /* RepositoryModelTests.swift */; };
		6615FA3E29B3143500ED07D3 /* RepositoryModel.swift in Sources */ = {isa = PBXBuildFile; fileRef = 6615FA3D29B3143500ED07D3 /* RepositoryModel.swift */; };
		6615FA4129B34C2E00ED07D3 /* MockingURLProtocol.swift in Sources */ = {isa = PBXBuildFile; fileRef = 6615FA4029B34C2E00ED07D3 /* MockingURLProtocol.swift */; };
		6615FA4429B3530D00ED07D3 /* repository.json in Resources */ = {isa = PBXBuildFile; fileRef = 6615FA4329B3530D00ED07D3 /* repository.json */; };
/* End PBXBuildFile section */

/* Begin PBXContainerItemProxy section */
		6615F9FE29B2688E00ED07D3 /* PBXContainerItemProxy */ = {
			isa = PBXContainerItemProxy;
			containerPortal = 6615F9E429B2688D00ED07D3 /* Project object */;
			proxyType = 1;
			remoteGlobalIDString = 6615F9EB29B2688D00ED07D3;
			remoteInfo = RepositorySearch;
		};
		6615FA0829B2688E00ED07D3 /* PBXContainerItemProxy */ = {
			isa = PBXContainerItemProxy;
			containerPortal = 6615F9E429B2688D00ED07D3 /* Project object */;
			proxyType = 1;
			remoteGlobalIDString = 6615F9EB29B2688D00ED07D3;
			remoteInfo = RepositorySearch;
		};
/* End PBXContainerItemProxy section */

/* Begin PBXFileReference section */
		660BD64029B3A10D008DB526 /* SearchViewModelTests.swift */ = {isa = PBXFileReference; lastKnownFileType = sourcecode.swift; path = SearchViewModelTests.swift; sourceTree = "<group>"; };
		660BD64529B451E2008DB526 /* DetailView.swift */ = {isa = PBXFileReference; lastKnownFileType = sourcecode.swift; path = DetailView.swift; sourceTree = "<group>"; };
		660BD64729B451F2008DB526 /* DetailViewModel.swift */ = {isa = PBXFileReference; lastKnownFileType = sourcecode.swift; path = DetailViewModel.swift; sourceTree = "<group>"; };
		660BD64929B456C0008DB526 /* EmptyView.swift */ = {isa = PBXFileReference; lastKnownFileType = sourcecode.swift; path = EmptyView.swift; sourceTree = "<group>"; };
		6615F9EC29B2688D00ED07D3 /* RepositorySearch.app */ = {isa = PBXFileReference; explicitFileType = wrapper.application; includeInIndex = 0; path = RepositorySearch.app; sourceTree = BUILT_PRODUCTS_DIR; };
		6615F9EF29B2688D00ED07D3 /* RepositorySearchApp.swift */ = {isa = PBXFileReference; lastKnownFileType = sourcecode.swift; path = RepositorySearchApp.swift; sourceTree = "<group>"; };
		6615F9F329B2688E00ED07D3 /* Assets.xcassets */ = {isa = PBXFileReference; lastKnownFileType = folder.assetcatalog; path = Assets.xcassets; sourceTree = "<group>"; };
		6615F9F529B2688E00ED07D3 /* RepositorySearch.entitlements */ = {isa = PBXFileReference; lastKnownFileType = text.plist.entitlements; path = RepositorySearch.entitlements; sourceTree = "<group>"; };
		6615F9F729B2688E00ED07D3 /* Preview Assets.xcassets */ = {isa = PBXFileReference; lastKnownFileType = folder.assetcatalog; path = "Preview Assets.xcassets"; sourceTree = "<group>"; };
		6615F9FD29B2688E00ED07D3 /* RepositorySearchTests.xctest */ = {isa = PBXFileReference; explicitFileType = wrapper.cfbundle; includeInIndex = 0; path = RepositorySearchTests.xctest; sourceTree = BUILT_PRODUCTS_DIR; };
		6615FA0129B2688E00ED07D3 /* RepositorySearchTests.swift */ = {isa = PBXFileReference; lastKnownFileType = sourcecode.swift; path = RepositorySearchTests.swift; sourceTree = "<group>"; };
		6615FA0729B2688E00ED07D3 /* RepositorySearchUITests.xctest */ = {isa = PBXFileReference; explicitFileType = wrapper.cfbundle; includeInIndex = 0; path = RepositorySearchUITests.xctest; sourceTree = BUILT_PRODUCTS_DIR; };
		6615FA0B29B2688E00ED07D3 /* RepositorySearchUITests.swift */ = {isa = PBXFileReference; lastKnownFileType = sourcecode.swift; path = RepositorySearchUITests.swift; sourceTree = "<group>"; };
		6615FA0D29B2688E00ED07D3 /* RepositorySearchUITestsLaunchTests.swift */ = {isa = PBXFileReference; lastKnownFileType = sourcecode.swift; path = RepositorySearchUITestsLaunchTests.swift; sourceTree = "<group>"; };
		6615FA1B29B2690200ED07D3 /* README.md */ = {isa = PBXFileReference; fileEncoding = 4; lastKnownFileType = net.daringfireball.markdown; path = README.md; sourceTree = SOURCE_ROOT; };
		6615FA1C29B2690200ED07D3 /* .gitignore */ = {isa = PBXFileReference; fileEncoding = 4; lastKnownFileType = text; path = .gitignore; sourceTree = SOURCE_ROOT; };
		6615FA1D29B2690200ED07D3 /* LICENSE */ = {isa = PBXFileReference; fileEncoding = 4; lastKnownFileType = text; path = LICENSE; sourceTree = SOURCE_ROOT; };
		6615FA2729B26AC400ED07D3 /* SearchView.swift */ = {isa = PBXFileReference; lastKnownFileType = sourcecode.swift; path = SearchView.swift; sourceTree = "<group>"; };
		6615FA2929B26AD600ED07D3 /* SearchViewModel.swift */ = {isa = PBXFileReference; lastKnownFileType = sourcecode.swift; path = SearchViewModel.swift; sourceTree = "<group>"; };
		6615FA2C29B2EBDB00ED07D3 /* APIEndpoints.swift */ = {isa = PBXFileReference; lastKnownFileType = sourcecode.swift; path = APIEndpoints.swift; sourceTree = "<group>"; };
		6615FA2E29B2EC2400ED07D3 /* APIServcie.swift */ = {isa = PBXFileReference; lastKnownFileType = sourcecode.swift; path = APIServcie.swift; sourceTree = "<group>"; };
		6615FA3229B3053D00ED07D3 /* SearchApiCallTests.swift */ = {isa = PBXFileReference; lastKnownFileType = sourcecode.swift; path = SearchApiCallTests.swift; sourceTree = "<group>"; };
		6615FA3429B3058000ED07D3 /* SearchAPICall.swift */ = {isa = PBXFileReference; lastKnownFileType = sourcecode.swift; path = SearchAPICall.swift; sourceTree = "<group>"; };
		6615FA3629B30FFD00ED07D3 /* SearchApiServiceTests.swift */ = {isa = PBXFileReference; lastKnownFileType = sourcecode.swift; path = SearchApiServiceTests.swift; sourceTree = "<group>"; };
		6615FA3829B3104400ED07D3 /* SearchAPIService.swift */ = {isa = PBXFileReference; lastKnownFileType = sourcecode.swift; path = SearchAPIService.swift; sourceTree = "<group>"; };
		6615FA3A29B311FC00ED07D3 /* RepositoryModelTests.swift */ = {isa = PBXFileReference; lastKnownFileType = sourcecode.swift; path = RepositoryModelTests.swift; sourceTree = "<group>"; };
		6615FA3D29B3143500ED07D3 /* RepositoryModel.swift */ = {isa = PBXFileReference; lastKnownFileType = sourcecode.swift; path = RepositoryModel.swift; sourceTree = "<group>"; };
		6615FA4029B34C2E00ED07D3 /* MockingURLProtocol.swift */ = {isa = PBXFileReference; lastKnownFileType = sourcecode.swift; path = MockingURLProtocol.swift; sourceTree = "<group>"; };
		6615FA4329B3530D00ED07D3 /* repository.json */ = {isa = PBXFileReference; lastKnownFileType = text.json; path = repository.json; sourceTree = "<group>"; };
/* End PBXFileReference section */

/* Begin PBXFrameworksBuildPhase section */
		6615F9E929B2688D00ED07D3 /* Frameworks */ = {
			isa = PBXFrameworksBuildPhase;
			buildActionMask = 2147483647;
			files = (
			);
			runOnlyForDeploymentPostprocessing = 0;
		};
		6615F9FA29B2688E00ED07D3 /* Frameworks */ = {
			isa = PBXFrameworksBuildPhase;
			buildActionMask = 2147483647;
			files = (
			);
			runOnlyForDeploymentPostprocessing = 0;
		};
		6615FA0429B2688E00ED07D3 /* Frameworks */ = {
			isa = PBXFrameworksBuildPhase;
			buildActionMask = 2147483647;
			files = (
			);
			runOnlyForDeploymentPostprocessing = 0;
		};
/* End PBXFrameworksBuildPhase section */

/* Begin PBXGroup section */
		660BD64429B451CB008DB526 /* DetailScreen */ = {
			isa = PBXGroup;
			children = (
				660BD64529B451E2008DB526 /* DetailView.swift */,
				660BD64729B451F2008DB526 /* DetailViewModel.swift */,
			);
			path = DetailScreen;
			sourceTree = "<group>";
		};
		6615F9E329B2688D00ED07D3 = {
			isa = PBXGroup;
			children = (
				6615F9EE29B2688D00ED07D3 /* RepositorySearch */,
				6615FA0029B2688E00ED07D3 /* RepositorySearchTests */,
				6615FA0A29B2688E00ED07D3 /* RepositorySearchUITests */,
				6615F9ED29B2688D00ED07D3 /* Products */,
			);
			sourceTree = "<group>";
		};
		6615F9ED29B2688D00ED07D3 /* Products */ = {
			isa = PBXGroup;
			children = (
				6615F9EC29B2688D00ED07D3 /* RepositorySearch.app */,
				6615F9FD29B2688E00ED07D3 /* RepositorySearchTests.xctest */,
				6615FA0729B2688E00ED07D3 /* RepositorySearchUITests.xctest */,
			);
			name = Products;
			sourceTree = "<group>";
		};
		6615F9EE29B2688D00ED07D3 /* RepositorySearch */ = {
			isa = PBXGroup;
			children = (
				6615FA2B29B2EB7400ED07D3 /* Network */,
				6615FA2529B2699500ED07D3 /* Screens */,
				6615FA2429B2697700ED07D3 /* Models */,
				6615FA2329B2696D00ED07D3 /* Utils */,
				6615FA2229B2696500ED07D3 /* Resources */,
				6615FA2129B2695C00ED07D3 /* Application */,
				6615FA1A29B268ED00ED07D3 /* SupportingFiles */,
				6615F9F629B2688E00ED07D3 /* Preview Content */,
			);
			path = RepositorySearch;
			sourceTree = "<group>";
		};
		6615F9F629B2688E00ED07D3 /* Preview Content */ = {
			isa = PBXGroup;
			children = (
				6615F9F729B2688E00ED07D3 /* Preview Assets.xcassets */,
			);
			path = "Preview Content";
			sourceTree = "<group>";
		};
		6615FA0029B2688E00ED07D3 /* RepositorySearchTests */ = {
			isa = PBXGroup;
			children = (
				6615FA4229B352F800ED07D3 /* Fixture */,
				6615FA3F29B34C1600ED07D3 /* Mock */,
				6615FA3129B3050C00ED07D3 /* SearchScreenTests */,
				6615FA0129B2688E00ED07D3 /* RepositorySearchTests.swift */,
			);
			path = RepositorySearchTests;
			sourceTree = "<group>";
		};
		6615FA0A29B2688E00ED07D3 /* RepositorySearchUITests */ = {
			isa = PBXGroup;
			children = (
				6615FA0B29B2688E00ED07D3 /* RepositorySearchUITests.swift */,
				6615FA0D29B2688E00ED07D3 /* RepositorySearchUITestsLaunchTests.swift */,
			);
			path = RepositorySearchUITests;
			sourceTree = "<group>";
		};
		6615FA1A29B268ED00ED07D3 /* SupportingFiles */ = {
			isa = PBXGroup;
			children = (
				6615F9F529B2688E00ED07D3 /* RepositorySearch.entitlements */,
				6615FA1C29B2690200ED07D3 /* .gitignore */,
				6615FA1D29B2690200ED07D3 /* LICENSE */,
				6615FA1B29B2690200ED07D3 /* README.md */,
			);
			path = SupportingFiles;
			sourceTree = "<group>";
		};
		6615FA2129B2695C00ED07D3 /* Application */ = {
			isa = PBXGroup;
			children = (
				6615F9EF29B2688D00ED07D3 /* RepositorySearchApp.swift */,
			);
			path = Application;
			sourceTree = "<group>";
		};
		6615FA2229B2696500ED07D3 /* Resources */ = {
			isa = PBXGroup;
			children = (
				6615F9F329B2688E00ED07D3 /* Assets.xcassets */,
			);
			path = Resources;
			sourceTree = "<group>";
		};
		6615FA2329B2696D00ED07D3 /* Utils */ = {
			isa = PBXGroup;
			children = (
				660BD64929B456C0008DB526 /* EmptyView.swift */,
			);
			path = Utils;
			sourceTree = "<group>";
		};
		6615FA2429B2697700ED07D3 /* Models */ = {
			isa = PBXGroup;
			children = (
				6615FA3D29B3143500ED07D3 /* RepositoryModel.swift */,
			);
			path = Models;
			sourceTree = "<group>";
		};
		6615FA2529B2699500ED07D3 /* Screens */ = {
			isa = PBXGroup;
			children = (
				660BD64429B451CB008DB526 /* DetailScreen */,
				6615FA2629B26AAC00ED07D3 /* SearchScreen */,
			);
			path = Screens;
			sourceTree = "<group>";
		};
		6615FA2629B26AAC00ED07D3 /* SearchScreen */ = {
			isa = PBXGroup;
			children = (
				6615FA3029B304DA00ED07D3 /* APIServices */,
				6615FA2729B26AC400ED07D3 /* SearchView.swift */,
				6615FA2929B26AD600ED07D3 /* SearchViewModel.swift */,
			);
			path = SearchScreen;
			sourceTree = "<group>";
		};
		6615FA2B29B2EB7400ED07D3 /* Network */ = {
			isa = PBXGroup;
			children = (
				6615FA2C29B2EBDB00ED07D3 /* APIEndpoints.swift */,
				6615FA2E29B2EC2400ED07D3 /* APIServcie.swift */,
			);
			path = Network;
			sourceTree = "<group>";
		};
		6615FA3029B304DA00ED07D3 /* APIServices */ = {
			isa = PBXGroup;
			children = (
				6615FA3429B3058000ED07D3 /* SearchAPICall.swift */,
				6615FA3829B3104400ED07D3 /* SearchAPIService.swift */,
			);
			path = APIServices;
			sourceTree = "<group>";
		};
		6615FA3129B3050C00ED07D3 /* SearchScreenTests */ = {
			isa = PBXGroup;
			children = (
				6615FA3229B3053D00ED07D3 /* SearchApiCallTests.swift */,
				6615FA3629B30FFD00ED07D3 /* SearchApiServiceTests.swift */,
				6615FA3A29B311FC00ED07D3 /* RepositoryModelTests.swift */,
				660BD64029B3A10D008DB526 /* SearchViewModelTests.swift */,
			);
			path = SearchScreenTests;
			sourceTree = "<group>";
		};
		6615FA3F29B34C1600ED07D3 /* Mock */ = {
			isa = PBXGroup;
			children = (
				6615FA4029B34C2E00ED07D3 /* MockingURLProtocol.swift */,
			);
			path = Mock;
			sourceTree = "<group>";
		};
		6615FA4229B352F800ED07D3 /* Fixture */ = {
			isa = PBXGroup;
			children = (
				6615FA4329B3530D00ED07D3 /* repository.json */,
			);
			path = Fixture;
			sourceTree = "<group>";
		};
/* End PBXGroup section */

/* Begin PBXNativeTarget section */
		6615F9EB29B2688D00ED07D3 /* RepositorySearch */ = {
			isa = PBXNativeTarget;
			buildConfigurationList = 6615FA1129B2688E00ED07D3 /* Build configuration list for PBXNativeTarget "RepositorySearch" */;
			buildPhases = (
				6615F9E829B2688D00ED07D3 /* Sources */,
				6615F9E929B2688D00ED07D3 /* Frameworks */,
				6615F9EA29B2688D00ED07D3 /* Resources */,
			);
			buildRules = (
			);
			dependencies = (
			);
			name = RepositorySearch;
			productName = RepositorySearch;
			productReference = 6615F9EC29B2688D00ED07D3 /* RepositorySearch.app */;
			productType = "com.apple.product-type.application";
		};
		6615F9FC29B2688E00ED07D3 /* RepositorySearchTests */ = {
			isa = PBXNativeTarget;
			buildConfigurationList = 6615FA1429B2688E00ED07D3 /* Build configuration list for PBXNativeTarget "RepositorySearchTests" */;
			buildPhases = (
				6615F9F929B2688E00ED07D3 /* Sources */,
				6615F9FA29B2688E00ED07D3 /* Frameworks */,
				6615F9FB29B2688E00ED07D3 /* Resources */,
			);
			buildRules = (
			);
			dependencies = (
				6615F9FF29B2688E00ED07D3 /* PBXTargetDependency */,
			);
			name = RepositorySearchTests;
			productName = RepositorySearchTests;
			productReference = 6615F9FD29B2688E00ED07D3 /* RepositorySearchTests.xctest */;
			productType = "com.apple.product-type.bundle.unit-test";
		};
		6615FA0629B2688E00ED07D3 /* RepositorySearchUITests */ = {
			isa = PBXNativeTarget;
			buildConfigurationList = 6615FA1729B2688E00ED07D3 /* Build configuration list for PBXNativeTarget "RepositorySearchUITests" */;
			buildPhases = (
				6615FA0329B2688E00ED07D3 /* Sources */,
				6615FA0429B2688E00ED07D3 /* Frameworks */,
				6615FA0529B2688E00ED07D3 /* Resources */,
			);
			buildRules = (
			);
			dependencies = (
				6615FA0929B2688E00ED07D3 /* PBXTargetDependency */,
			);
			name = RepositorySearchUITests;
			productName = RepositorySearchUITests;
			productReference = 6615FA0729B2688E00ED07D3 /* RepositorySearchUITests.xctest */;
			productType = "com.apple.product-type.bundle.ui-testing";
		};
/* End PBXNativeTarget section */

/* Begin PBXProject section */
		6615F9E429B2688D00ED07D3 /* Project object */ = {
			isa = PBXProject;
			attributes = {
				BuildIndependentTargetsInParallel = 1;
				LastSwiftUpdateCheck = 1420;
				LastUpgradeCheck = 1420;
				TargetAttributes = {
					6615F9EB29B2688D00ED07D3 = {
						CreatedOnToolsVersion = 14.2;
					};
					6615F9FC29B2688E00ED07D3 = {
						CreatedOnToolsVersion = 14.2;
						TestTargetID = 6615F9EB29B2688D00ED07D3;
					};
					6615FA0629B2688E00ED07D3 = {
						CreatedOnToolsVersion = 14.2;
						TestTargetID = 6615F9EB29B2688D00ED07D3;
					};
				};
			};
			buildConfigurationList = 6615F9E729B2688D00ED07D3 /* Build configuration list for PBXProject "RepositorySearch" */;
			compatibilityVersion = "Xcode 14.0";
			developmentRegion = en;
			hasScannedForEncodings = 0;
			knownRegions = (
				en,
				Base,
			);
			mainGroup = 6615F9E329B2688D00ED07D3;
			productRefGroup = 6615F9ED29B2688D00ED07D3 /* Products */;
			projectDirPath = "";
			projectRoot = "";
			targets = (
				6615F9EB29B2688D00ED07D3 /* RepositorySearch */,
				6615F9FC29B2688E00ED07D3 /* RepositorySearchTests */,
				6615FA0629B2688E00ED07D3 /* RepositorySearchUITests */,
			);
		};
/* End PBXProject section */

/* Begin PBXResourcesBuildPhase section */
		6615F9EA29B2688D00ED07D3 /* Resources */ = {
			isa = PBXResourcesBuildPhase;
			buildActionMask = 2147483647;
			files = (
				6615FA1F29B2690200ED07D3 /* .gitignore in Resources */,
				6615FA1E29B2690200ED07D3 /* README.md in Resources */,
				6615F9F829B2688E00ED07D3 /* Preview Assets.xcassets in Resources */,
				6615F9F429B2688E00ED07D3 /* Assets.xcassets in Resources */,
				6615FA2029B2690200ED07D3 /* LICENSE in Resources */,
			);
			runOnlyForDeploymentPostprocessing = 0;
		};
		6615F9FB29B2688E00ED07D3 /* Resources */ = {
			isa = PBXResourcesBuildPhase;
			buildActionMask = 2147483647;
			files = (
				6615FA4429B3530D00ED07D3 /* repository.json in Resources */,
			);
			runOnlyForDeploymentPostprocessing = 0;
		};
		6615FA0529B2688E00ED07D3 /* Resources */ = {
			isa = PBXResourcesBuildPhase;
			buildActionMask = 2147483647;
			files = (
			);
			runOnlyForDeploymentPostprocessing = 0;
		};
/* End PBXResourcesBuildPhase section */

/* Begin PBXSourcesBuildPhase section */
		6615F9E829B2688D00ED07D3 /* Sources */ = {
			isa = PBXSourcesBuildPhase;
			buildActionMask = 2147483647;
			files = (
				6615FA3529B3058000ED07D3 /* SearchAPICall.swift in Sources */,
				660BD64629B451E2008DB526 /* DetailView.swift in Sources */,
				660BD64A29B456C0008DB526 /* EmptyView.swift in Sources */,
				6615FA3E29B3143500ED07D3 /* RepositoryModel.swift in Sources */,
				660BD64829B451F2008DB526 /* DetailViewModel.swift in Sources */,
				6615FA3929B3104400ED07D3 /* SearchAPIService.swift in Sources */,
				6615FA2A29B26AD600ED07D3 /* SearchViewModel.swift in Sources */,
				6615FA2F29B2EC2400ED07D3 /* APIServcie.swift in Sources */,
				6615FA2829B26AC400ED07D3 /* SearchView.swift in Sources */,
				6615F9F029B2688D00ED07D3 /* RepositorySearchApp.swift in Sources */,
				6615FA2D29B2EBDB00ED07D3 /* APIEndpoints.swift in Sources */,
			);
			runOnlyForDeploymentPostprocessing = 0;
		};
		6615F9F929B2688E00ED07D3 /* Sources */ = {
			isa = PBXSourcesBuildPhase;
			buildActionMask = 2147483647;
			files = (
				6615FA3729B30FFE00ED07D3 /* SearchApiServiceTests.swift in Sources */,
				6615FA3B29B311FC00ED07D3 /* RepositoryModelTests.swift in Sources */,
				660BD64129B3A10D008DB526 /* SearchViewModelTests.swift in Sources */,
				6615FA3329B3053D00ED07D3 /* SearchApiCallTests.swift in Sources */,
				6615FA4129B34C2E00ED07D3 /* MockingURLProtocol.swift in Sources */,
				6615FA0229B2688E00ED07D3 /* RepositorySearchTests.swift in Sources */,
			);
			runOnlyForDeploymentPostprocessing = 0;
		};
		6615FA0329B2688E00ED07D3 /* Sources */ = {
			isa = PBXSourcesBuildPhase;
			buildActionMask = 2147483647;
			files = (
				6615FA0E29B2688E00ED07D3 /* RepositorySearchUITestsLaunchTests.swift in Sources */,
				6615FA0C29B2688E00ED07D3 /* RepositorySearchUITests.swift in Sources */,
			);
			runOnlyForDeploymentPostprocessing = 0;
		};
/* End PBXSourcesBuildPhase section */

/* Begin PBXTargetDependency section */
		6615F9FF29B2688E00ED07D3 /* PBXTargetDependency */ = {
			isa = PBXTargetDependency;
			target = 6615F9EB29B2688D00ED07D3 /* RepositorySearch */;
			targetProxy = 6615F9FE29B2688E00ED07D3 /* PBXContainerItemProxy */;
		};
		6615FA0929B2688E00ED07D3 /* PBXTargetDependency */ = {
			isa = PBXTargetDependency;
			target = 6615F9EB29B2688D00ED07D3 /* RepositorySearch */;
			targetProxy = 6615FA0829B2688E00ED07D3 /* PBXContainerItemProxy */;
		};
/* End PBXTargetDependency section */

/* Begin XCBuildConfiguration section */
		6615FA0F29B2688E00ED07D3 /* Debug */ = {
			isa = XCBuildConfiguration;
			buildSettings = {
				ALWAYS_SEARCH_USER_PATHS = NO;
				CLANG_ANALYZER_NONNULL = YES;
				CLANG_ANALYZER_NUMBER_OBJECT_CONVERSION = YES_AGGRESSIVE;
				CLANG_CXX_LANGUAGE_STANDARD = "gnu++20";
				CLANG_ENABLE_MODULES = YES;
				CLANG_ENABLE_OBJC_ARC = YES;
				CLANG_ENABLE_OBJC_WEAK = YES;
				CLANG_WARN_BLOCK_CAPTURE_AUTORELEASING = YES;
				CLANG_WARN_BOOL_CONVERSION = YES;
				CLANG_WARN_COMMA = YES;
				CLANG_WARN_CONSTANT_CONVERSION = YES;
				CLANG_WARN_DEPRECATED_OBJC_IMPLEMENTATIONS = YES;
				CLANG_WARN_DIRECT_OBJC_ISA_USAGE = YES_ERROR;
				CLANG_WARN_DOCUMENTATION_COMMENTS = YES;
				CLANG_WARN_EMPTY_BODY = YES;
				CLANG_WARN_ENUM_CONVERSION = YES;
				CLANG_WARN_INFINITE_RECURSION = YES;
				CLANG_WARN_INT_CONVERSION = YES;
				CLANG_WARN_NON_LITERAL_NULL_CONVERSION = YES;
				CLANG_WARN_OBJC_IMPLICIT_RETAIN_SELF = YES;
				CLANG_WARN_OBJC_LITERAL_CONVERSION = YES;
				CLANG_WARN_OBJC_ROOT_CLASS = YES_ERROR;
				CLANG_WARN_QUOTED_INCLUDE_IN_FRAMEWORK_HEADER = YES;
				CLANG_WARN_RANGE_LOOP_ANALYSIS = YES;
				CLANG_WARN_STRICT_PROTOTYPES = YES;
				CLANG_WARN_SUSPICIOUS_MOVE = YES;
				CLANG_WARN_UNGUARDED_AVAILABILITY = YES_AGGRESSIVE;
				CLANG_WARN_UNREACHABLE_CODE = YES;
				CLANG_WARN__DUPLICATE_METHOD_MATCH = YES;
				COPY_PHASE_STRIP = NO;
				DEBUG_INFORMATION_FORMAT = dwarf;
				ENABLE_STRICT_OBJC_MSGSEND = YES;
				ENABLE_TESTABILITY = YES;
				GCC_C_LANGUAGE_STANDARD = gnu11;
				GCC_DYNAMIC_NO_PIC = NO;
				GCC_NO_COMMON_BLOCKS = YES;
				GCC_OPTIMIZATION_LEVEL = 0;
				GCC_PREPROCESSOR_DEFINITIONS = (
					"DEBUG=1",
					"$(inherited)",
				);
				GCC_WARN_64_TO_32_BIT_CONVERSION = YES;
				GCC_WARN_ABOUT_RETURN_TYPE = YES_ERROR;
				GCC_WARN_UNDECLARED_SELECTOR = YES;
				GCC_WARN_UNINITIALIZED_AUTOS = YES_AGGRESSIVE;
				GCC_WARN_UNUSED_FUNCTION = YES;
				GCC_WARN_UNUSED_VARIABLE = YES;
				MTL_ENABLE_DEBUG_INFO = INCLUDE_SOURCE;
				MTL_FAST_MATH = YES;
				ONLY_ACTIVE_ARCH = YES;
				SWIFT_ACTIVE_COMPILATION_CONDITIONS = DEBUG;
				SWIFT_OPTIMIZATION_LEVEL = "-Onone";
			};
			name = Debug;
		};
		6615FA1029B2688E00ED07D3 /* Release */ = {
			isa = XCBuildConfiguration;
			buildSettings = {
				ALWAYS_SEARCH_USER_PATHS = NO;
				CLANG_ANALYZER_NONNULL = YES;
				CLANG_ANALYZER_NUMBER_OBJECT_CONVERSION = YES_AGGRESSIVE;
				CLANG_CXX_LANGUAGE_STANDARD = "gnu++20";
				CLANG_ENABLE_MODULES = YES;
				CLANG_ENABLE_OBJC_ARC = YES;
				CLANG_ENABLE_OBJC_WEAK = YES;
				CLANG_WARN_BLOCK_CAPTURE_AUTORELEASING = YES;
				CLANG_WARN_BOOL_CONVERSION = YES;
				CLANG_WARN_COMMA = YES;
				CLANG_WARN_CONSTANT_CONVERSION = YES;
				CLANG_WARN_DEPRECATED_OBJC_IMPLEMENTATIONS = YES;
				CLANG_WARN_DIRECT_OBJC_ISA_USAGE = YES_ERROR;
				CLANG_WARN_DOCUMENTATION_COMMENTS = YES;
				CLANG_WARN_EMPTY_BODY = YES;
				CLANG_WARN_ENUM_CONVERSION = YES;
				CLANG_WARN_INFINITE_RECURSION = YES;
				CLANG_WARN_INT_CONVERSION = YES;
				CLANG_WARN_NON_LITERAL_NULL_CONVERSION = YES;
				CLANG_WARN_OBJC_IMPLICIT_RETAIN_SELF = YES;
				CLANG_WARN_OBJC_LITERAL_CONVERSION = YES;
				CLANG_WARN_OBJC_ROOT_CLASS = YES_ERROR;
				CLANG_WARN_QUOTED_INCLUDE_IN_FRAMEWORK_HEADER = YES;
				CLANG_WARN_RANGE_LOOP_ANALYSIS = YES;
				CLANG_WARN_STRICT_PROTOTYPES = YES;
				CLANG_WARN_SUSPICIOUS_MOVE = YES;
				CLANG_WARN_UNGUARDED_AVAILABILITY = YES_AGGRESSIVE;
				CLANG_WARN_UNREACHABLE_CODE = YES;
				CLANG_WARN__DUPLICATE_METHOD_MATCH = YES;
				COPY_PHASE_STRIP = NO;
				DEBUG_INFORMATION_FORMAT = "dwarf-with-dsym";
				ENABLE_NS_ASSERTIONS = NO;
				ENABLE_STRICT_OBJC_MSGSEND = YES;
				GCC_C_LANGUAGE_STANDARD = gnu11;
				GCC_NO_COMMON_BLOCKS = YES;
				GCC_WARN_64_TO_32_BIT_CONVERSION = YES;
				GCC_WARN_ABOUT_RETURN_TYPE = YES_ERROR;
				GCC_WARN_UNDECLARED_SELECTOR = YES;
				GCC_WARN_UNINITIALIZED_AUTOS = YES_AGGRESSIVE;
				GCC_WARN_UNUSED_FUNCTION = YES;
				GCC_WARN_UNUSED_VARIABLE = YES;
				MTL_ENABLE_DEBUG_INFO = NO;
				MTL_FAST_MATH = YES;
				SWIFT_COMPILATION_MODE = wholemodule;
				SWIFT_OPTIMIZATION_LEVEL = "-O";
			};
			name = Release;
		};
		6615FA1229B2688E00ED07D3 /* Debug */ = {
			isa = XCBuildConfiguration;
			buildSettings = {
				ASSETCATALOG_COMPILER_APPICON_NAME = AppIcon;
				ASSETCATALOG_COMPILER_GLOBAL_ACCENT_COLOR_NAME = AccentColor;
				CODE_SIGN_ENTITLEMENTS = RepositorySearch/SupportingFiles/RepositorySearch.entitlements;
				"CODE_SIGN_IDENTITY[sdk=macosx*]" = "-";
				CODE_SIGN_STYLE = Automatic;
				CURRENT_PROJECT_VERSION = 1;
				DEVELOPMENT_ASSET_PATHS = "\"RepositorySearch/Preview Content\"";
				DEVELOPMENT_TEAM = QZRRQLXG9A;
				ENABLE_HARDENED_RUNTIME = YES;
				ENABLE_PREVIEWS = YES;
				GENERATE_INFOPLIST_FILE = YES;
				"INFOPLIST_KEY_UIApplicationSceneManifest_Generation[sdk=iphoneos*]" = YES;
				"INFOPLIST_KEY_UIApplicationSceneManifest_Generation[sdk=iphonesimulator*]" = YES;
				"INFOPLIST_KEY_UIApplicationSupportsIndirectInputEvents[sdk=iphoneos*]" = YES;
				"INFOPLIST_KEY_UIApplicationSupportsIndirectInputEvents[sdk=iphonesimulator*]" = YES;
				"INFOPLIST_KEY_UILaunchScreen_Generation[sdk=iphoneos*]" = YES;
				"INFOPLIST_KEY_UILaunchScreen_Generation[sdk=iphonesimulator*]" = YES;
				"INFOPLIST_KEY_UIStatusBarStyle[sdk=iphoneos*]" = UIStatusBarStyleDefault;
				"INFOPLIST_KEY_UIStatusBarStyle[sdk=iphonesimulator*]" = UIStatusBarStyleDefault;
				INFOPLIST_KEY_UISupportedInterfaceOrientations_iPad = "UIInterfaceOrientationPortrait UIInterfaceOrientationPortraitUpsideDown UIInterfaceOrientationLandscapeLeft UIInterfaceOrientationLandscapeRight";
				INFOPLIST_KEY_UISupportedInterfaceOrientations_iPhone = "UIInterfaceOrientationPortrait UIInterfaceOrientationLandscapeLeft UIInterfaceOrientationLandscapeRight";
				IPHONEOS_DEPLOYMENT_TARGET = 16.2;
				LD_RUNPATH_SEARCH_PATHS = "@executable_path/Frameworks";
				"LD_RUNPATH_SEARCH_PATHS[sdk=macosx*]" = "@executable_path/../Frameworks";
				MACOSX_DEPLOYMENT_TARGET = 13.1;
				MARKETING_VERSION = 1.0;
				PRODUCT_BUNDLE_IDENTIFIER = com.milan.RepositorySearch;
				PRODUCT_NAME = "$(TARGET_NAME)";
				SDKROOT = auto;
				SUPPORTED_PLATFORMS = "iphoneos iphonesimulator macosx";
				SWIFT_EMIT_LOC_STRINGS = YES;
				SWIFT_VERSION = 5.0;
				TARGETED_DEVICE_FAMILY = "1,2";
			};
			name = Debug;
		};
		6615FA1329B2688E00ED07D3 /* Release */ = {
			isa = XCBuildConfiguration;
			buildSettings = {
				ASSETCATALOG_COMPILER_APPICON_NAME = AppIcon;
				ASSETCATALOG_COMPILER_GLOBAL_ACCENT_COLOR_NAME = AccentColor;
				CODE_SIGN_ENTITLEMENTS = RepositorySearch/SupportingFiles/RepositorySearch.entitlements;
				"CODE_SIGN_IDENTITY[sdk=macosx*]" = "-";
				CODE_SIGN_STYLE = Automatic;
				CURRENT_PROJECT_VERSION = 1;
				DEVELOPMENT_ASSET_PATHS = "\"RepositorySearch/Preview Content\"";
				DEVELOPMENT_TEAM = QZRRQLXG9A;
				ENABLE_HARDENED_RUNTIME = YES;
				ENABLE_PREVIEWS = YES;
				GENERATE_INFOPLIST_FILE = YES;
				"INFOPLIST_KEY_UIApplicationSceneManifest_Generation[sdk=iphoneos*]" = YES;
				"INFOPLIST_KEY_UIApplicationSceneManifest_Generation[sdk=iphonesimulator*]" = YES;
				"INFOPLIST_KEY_UIApplicationSupportsIndirectInputEvents[sdk=iphoneos*]" = YES;
				"INFOPLIST_KEY_UIApplicationSupportsIndirectInputEvents[sdk=iphonesimulator*]" = YES;
				"INFOPLIST_KEY_UILaunchScreen_Generation[sdk=iphoneos*]" = YES;
				"INFOPLIST_KEY_UILaunchScreen_Generation[sdk=iphonesimulator*]" = YES;
				"INFOPLIST_KEY_UIStatusBarStyle[sdk=iphoneos*]" = UIStatusBarStyleDefault;
				"INFOPLIST_KEY_UIStatusBarStyle[sdk=iphonesimulator*]" = UIStatusBarStyleDefault;
				INFOPLIST_KEY_UISupportedInterfaceOrientations_iPad = "UIInterfaceOrientationPortrait UIInterfaceOrientationPortraitUpsideDown UIInterfaceOrientationLandscapeLeft UIInterfaceOrientationLandscapeRight";
				INFOPLIST_KEY_UISupportedInterfaceOrientations_iPhone = "UIInterfaceOrientationPortrait UIInterfaceOrientationLandscapeLeft UIInterfaceOrientationLandscapeRight";
				IPHONEOS_DEPLOYMENT_TARGET = 16.2;
				LD_RUNPATH_SEARCH_PATHS = "@executable_path/Frameworks";
				"LD_RUNPATH_SEARCH_PATHS[sdk=macosx*]" = "@executable_path/../Frameworks";
				MACOSX_DEPLOYMENT_TARGET = 13.1;
				MARKETING_VERSION = 1.0;
				PRODUCT_BUNDLE_IDENTIFIER = com.milan.RepositorySearch;
				PRODUCT_NAME = "$(TARGET_NAME)";
				SDKROOT = auto;
				SUPPORTED_PLATFORMS = "iphoneos iphonesimulator macosx";
				SWIFT_EMIT_LOC_STRINGS = YES;
				SWIFT_VERSION = 5.0;
				TARGETED_DEVICE_FAMILY = "1,2";
			};
			name = Release;
		};
		6615FA1529B2688E00ED07D3 /* Debug */ = {
			isa = XCBuildConfiguration;
			buildSettings = {
				ALWAYS_EMBED_SWIFT_STANDARD_LIBRARIES = YES;
				BUNDLE_LOADER = "$(TEST_HOST)";
				CODE_SIGN_STYLE = Automatic;
				CURRENT_PROJECT_VERSION = 1;
				DEVELOPMENT_TEAM = QZRRQLXG9A;
				GENERATE_INFOPLIST_FILE = YES;
				IPHONEOS_DEPLOYMENT_TARGET = 16.2;
				MACOSX_DEPLOYMENT_TARGET = 13.1;
				MARKETING_VERSION = 1.0;
				PRODUCT_BUNDLE_IDENTIFIER = com.milan.RepositorySearchTests;
				PRODUCT_NAME = "$(TARGET_NAME)";
				SDKROOT = auto;
				SUPPORTED_PLATFORMS = "iphoneos iphonesimulator macosx";
				SWIFT_EMIT_LOC_STRINGS = NO;
				SWIFT_VERSION = 5.0;
				TARGETED_DEVICE_FAMILY = "1,2";
				TEST_HOST = "$(BUILT_PRODUCTS_DIR)/RepositorySearch.app/$(BUNDLE_EXECUTABLE_FOLDER_PATH)/RepositorySearch";
			};
			name = Debug;
		};
		6615FA1629B2688E00ED07D3 /* Release */ = {
			isa = XCBuildConfiguration;
			buildSettings = {
				ALWAYS_EMBED_SWIFT_STANDARD_LIBRARIES = YES;
				BUNDLE_LOADER = "$(TEST_HOST)";
				CODE_SIGN_STYLE = Automatic;
				CURRENT_PROJECT_VERSION = 1;
				DEVELOPMENT_TEAM = QZRRQLXG9A;
				GENERATE_INFOPLIST_FILE = YES;
				IPHONEOS_DEPLOYMENT_TARGET = 16.2;
				MACOSX_DEPLOYMENT_TARGET = 13.1;
				MARKETING_VERSION = 1.0;
				PRODUCT_BUNDLE_IDENTIFIER = com.milan.RepositorySearchTests;
				PRODUCT_NAME = "$(TARGET_NAME)";
				SDKROOT = auto;
				SUPPORTED_PLATFORMS = "iphoneos iphonesimulator macosx";
				SWIFT_EMIT_LOC_STRINGS = NO;
				SWIFT_VERSION = 5.0;
				TARGETED_DEVICE_FAMILY = "1,2";
				TEST_HOST = "$(BUILT_PRODUCTS_DIR)/RepositorySearch.app/$(BUNDLE_EXECUTABLE_FOLDER_PATH)/RepositorySearch";
			};
			name = Release;
		};
		6615FA1829B2688E00ED07D3 /* Debug */ = {
			isa = XCBuildConfiguration;
			buildSettings = {
				ALWAYS_EMBED_SWIFT_STANDARD_LIBRARIES = YES;
				CODE_SIGN_STYLE = Automatic;
				CURRENT_PROJECT_VERSION = 1;
				DEVELOPMENT_TEAM = QZRRQLXG9A;
				GENERATE_INFOPLIST_FILE = YES;
				IPHONEOS_DEPLOYMENT_TARGET = 16.2;
				MACOSX_DEPLOYMENT_TARGET = 13.1;
				MARKETING_VERSION = 1.0;
				PRODUCT_BUNDLE_IDENTIFIER = com.milan.RepositorySearchUITests;
				PRODUCT_NAME = "$(TARGET_NAME)";
				SDKROOT = auto;
				SUPPORTED_PLATFORMS = "iphoneos iphonesimulator macosx";
				SWIFT_EMIT_LOC_STRINGS = NO;
				SWIFT_VERSION = 5.0;
				TARGETED_DEVICE_FAMILY = "1,2";
				TEST_TARGET_NAME = RepositorySearch;
			};
			name = Debug;
		};
		6615FA1929B2688E00ED07D3 /* Release */ = {
			isa = XCBuildConfiguration;
			buildSettings = {
				ALWAYS_EMBED_SWIFT_STANDARD_LIBRARIES = YES;
				CODE_SIGN_STYLE = Automatic;
				CURRENT_PROJECT_VERSION = 1;
				DEVELOPMENT_TEAM = QZRRQLXG9A;
				GENERATE_INFOPLIST_FILE = YES;
				IPHONEOS_DEPLOYMENT_TARGET = 16.2;
				MACOSX_DEPLOYMENT_TARGET = 13.1;
				MARKETING_VERSION = 1.0;
				PRODUCT_BUNDLE_IDENTIFIER = com.milan.RepositorySearchUITests;
				PRODUCT_NAME = "$(TARGET_NAME)";
				SDKROOT = auto;
				SUPPORTED_PLATFORMS = "iphoneos iphonesimulator macosx";
				SWIFT_EMIT_LOC_STRINGS = NO;
				SWIFT_VERSION = 5.0;
				TARGETED_DEVICE_FAMILY = "1,2";
				TEST_TARGET_NAME = RepositorySearch;
			};
			name = Release;
		};
/* End XCBuildConfiguration section */

/* Begin XCConfigurationList section */
		6615F9E729B2688D00ED07D3 /* Build configuration list for PBXProject "RepositorySearch" */ = {
			isa = XCConfigurationList;
			buildConfigurations = (
				6615FA0F29B2688E00ED07D3 /* Debug */,
				6615FA1029B2688E00ED07D3 /* Release */,
			);
			defaultConfigurationIsVisible = 0;
			defaultConfigurationName = Release;
		};
		6615FA1129B2688E00ED07D3 /* Build configuration list for PBXNativeTarget "RepositorySearch" */ = {
			isa = XCConfigurationList;
			buildConfigurations = (
				6615FA1229B2688E00ED07D3 /* Debug */,
				6615FA1329B2688E00ED07D3 /* Release */,
			);
			defaultConfigurationIsVisible = 0;
			defaultConfigurationName = Release;
		};
		6615FA1429B2688E00ED07D3 /* Build configuration list for PBXNativeTarget "RepositorySearchTests" */ = {
			isa = XCConfigurationList;
			buildConfigurations = (
				6615FA1529B2688E00ED07D3 /* Debug */,
				6615FA1629B2688E00ED07D3 /* Release */,
			);
			defaultConfigurationIsVisible = 0;
			defaultConfigurationName = Release;
		};
		6615FA1729B2688E00ED07D3 /* Build configuration list for PBXNativeTarget "RepositorySearchUITests" */ = {
			isa = XCConfigurationList;
			buildConfigurations = (
				6615FA1829B2688E00ED07D3 /* Debug */,
				6615FA1929B2688E00ED07D3 /* Release */,
			);
			defaultConfigurationIsVisible = 0;
			defaultConfigurationName = Release;
		};
/* End XCConfigurationList section */
	};
	rootObject = 6615F9E429B2688D00ED07D3 /* Project object */;
}
